// !$*UTF8*$!
{
	archiveVersion = 1;
	classes = {
	};
	objectVersion = 50;
	objects = {

/* Begin PBXBuildFile section */
		EEBD91A12533C9F30092A1C4 /* AppDelegate.swift in Sources */ = {isa = PBXBuildFile; fileRef = EEBD91A02533C9F30092A1C4 /* AppDelegate.swift */; };
		EEBD91A32533C9F30092A1C4 /* SceneDelegate.swift in Sources */ = {isa = PBXBuildFile; fileRef = EEBD91A22533C9F30092A1C4 /* SceneDelegate.swift */; };
		EEBD91A52533C9F30092A1C4 /* ViewController.swift in Sources */ = {isa = PBXBuildFile; fileRef = EEBD91A42533C9F30092A1C4 /* ViewController.swift */; };
		EEBD91A82533C9F30092A1C4 /* Main.storyboard in Resources */ = {isa = PBXBuildFile; fileRef = EEBD91A62533C9F30092A1C4 /* Main.storyboard */; };
		EEBD91AA2533C9F50092A1C4 /* Assets.xcassets in Resources */ = {isa = PBXBuildFile; fileRef = EEBD91A92533C9F50092A1C4 /* Assets.xcassets */; };
		EEBD91AD2533C9F50092A1C4 /* LaunchScreen.storyboard in Resources */ = {isa = PBXBuildFile; fileRef = EEBD91AB2533C9F50092A1C4 /* LaunchScreen.storyboard */; };
		EEBD91B82533C9F50092A1C4 /* TicTacToeTests.swift in Sources */ = {isa = PBXBuildFile; fileRef = EEBD91B72533C9F50092A1C4 /* TicTacToeTests.swift */; };
		EEBD91C32533C9F50092A1C4 /* TicTacToeUITests.swift in Sources */ = {isa = PBXBuildFile; fileRef = EEBD91C22533C9F50092A1C4 /* TicTacToeUITests.swift */; };
/* End PBXBuildFile section */

/* Begin PBXContainerItemProxy section */
		EEBD91B42533C9F50092A1C4 /* PBXContainerItemProxy */ = {
			isa = PBXContainerItemProxy;
			containerPortal = EEBD91952533C9F30092A1C4 /* Project object */;
			proxyType = 1;
			remoteGlobalIDString = EEBD919C2533C9F30092A1C4;
			remoteInfo = TicTacToe;
		};
		EEBD91BF2533C9F50092A1C4 /* PBXContainerItemProxy */ = {
			isa = PBXContainerItemProxy;
			containerPortal = EEBD91952533C9F30092A1C4 /* Project object */;
			proxyType = 1;
			remoteGlobalIDString = EEBD919C2533C9F30092A1C4;
			remoteInfo = TicTacToe;
		};
/* End PBXContainerItemProxy section */

/* Begin PBXFileReference section */
		EEBD919D2533C9F30092A1C4 /* TicTacToe.app */ = {isa = PBXFileReference; explicitFileType = wrapper.application; includeInIndex = 0; path = TicTacToe.app; sourceTree = BUILT_PRODUCTS_DIR; };
		EEBD91A02533C9F30092A1C4 /* AppDelegate.swift */ = {isa = PBXFileReference; lastKnownFileType = sourcecode.swift; path = AppDelegate.swift; sourceTree = "<group>"; };
		EEBD91A22533C9F30092A1C4 /* SceneDelegate.swift */ = {isa = PBXFileReference; lastKnownFileType = sourcecode.swift; path = SceneDelegate.swift; sourceTree = "<group>"; };
		EEBD91A42533C9F30092A1C4 /* ViewController.swift */ = {isa = PBXFileReference; lastKnownFileType = sourcecode.swift; path = ViewController.swift; sourceTree = "<group>"; };
		EEBD91A72533C9F30092A1C4 /* Base */ = {isa = PBXFileReference; lastKnownFileType = file.storyboard; name = Base; path = Base.lproj/Main.storyboard; sourceTree = "<group>"; };
		EEBD91A92533C9F50092A1C4 /* Assets.xcassets */ = {isa = PBXFileReference; lastKnownFileType = folder.assetcatalog; path = Assets.xcassets; sourceTree = "<group>"; };
		EEBD91AC2533C9F50092A1C4 /* Base */ = {isa = PBXFileReference; lastKnownFileType = file.storyboard; name = Base; path = Base.lproj/LaunchScreen.storyboard; sourceTree = "<group>"; };
		EEBD91AE2533C9F50092A1C4 /* Info.plist */ = {isa = PBXFileReference; lastKnownFileType = text.plist.xml; path = Info.plist; sourceTree = "<group>"; };
		EEBD91B32533C9F50092A1C4 /* TicTacToeTests.xctest */ = {isa = PBXFileReference; explicitFileType = wrapper.cfbundle; includeInIndex = 0; path = TicTacToeTests.xctest; sourceTree = BUILT_PRODUCTS_DIR; };
		EEBD91B72533C9F50092A1C4 /* TicTacToeTests.swift */ = {isa = PBXFileReference; lastKnownFileType = sourcecode.swift; path = TicTacToeTests.swift; sourceTree = "<group>"; };
		EEBD91B92533C9F50092A1C4 /* Info.plist */ = {isa = PBXFileReference; lastKnownFileType = text.plist.xml; path = Info.plist; sourceTree = "<group>"; };
		EEBD91BE2533C9F50092A1C4 /* TicTacToeUITests.xctest */ = {isa = PBXFileReference; explicitFileType = wrapper.cfbundle; includeInIndex = 0; path = TicTacToeUITests.xctest; sourceTree = BUILT_PRODUCTS_DIR; };
		EEBD91C22533C9F50092A1C4 /* TicTacToeUITests.swift */ = {isa = PBXFileReference; lastKnownFileType = sourcecode.swift; path = TicTacToeUITests.swift; sourceTree = "<group>"; };
		EEBD91C42533C9F50092A1C4 /* Info.plist */ = {isa = PBXFileReference; lastKnownFileType = text.plist.xml; path = Info.plist; sourceTree = "<group>"; };
/* End PBXFileReference section */

/* Begin PBXFrameworksBuildPhase section */
		EEBD919A2533C9F30092A1C4 /* Frameworks */ = {
			isa = PBXFrameworksBuildPhase;
			buildActionMask = 2147483647;
			files = (
			);
			runOnlyForDeploymentPostprocessing = 0;
		};
		EEBD91B02533C9F50092A1C4 /* Frameworks */ = {
			isa = PBXFrameworksBuildPhase;
			buildActionMask = 2147483647;
			files = (
			);
			runOnlyForDeploymentPostprocessing = 0;
		};
		EEBD91BB2533C9F50092A1C4 /* Frameworks */ = {
			isa = PBXFrameworksBuildPhase;
			buildActionMask = 2147483647;
			files = (
			);
			runOnlyForDeploymentPostprocessing = 0;
		};
/* End PBXFrameworksBuildPhase section */

/* Begin PBXGroup section */
		EEBD91942533C9F30092A1C4 = {
			isa = PBXGroup;
			children = (
				EEBD919F2533C9F30092A1C4 /* TicTacToe */,
				EEBD91B62533C9F50092A1C4 /* TicTacToeTests */,
				EEBD91C12533C9F50092A1C4 /* TicTacToeUITests */,
				EEBD919E2533C9F30092A1C4 /* Products */,
			);
			sourceTree = "<group>";
		};
		EEBD919E2533C9F30092A1C4 /* Products */ = {
			isa = PBXGroup;
			children = (
				EEBD919D2533C9F30092A1C4 /* TicTacToe.app */,
				EEBD91B32533C9F50092A1C4 /* TicTacToeTests.xctest */,
				EEBD91BE2533C9F50092A1C4 /* TicTacToeUITests.xctest */,
			);
			name = Products;
			sourceTree = "<group>";
		};
		EEBD919F2533C9F30092A1C4 /* TicTacToe */ = {
			isa = PBXGroup;
			children = (
				EEBD91A02533C9F30092A1C4 /* AppDelegate.swift */,
				EEBD91A22533C9F30092A1C4 /* SceneDelegate.swift */,
				EEBD91A42533C9F30092A1C4 /* ViewController.swift */,
				EEBD91A62533C9F30092A1C4 /* Main.storyboard */,
				EEBD91A92533C9F50092A1C4 /* Assets.xcassets */,
				EEBD91AB2533C9F50092A1C4 /* LaunchScreen.storyboard */,
				EEBD91AE2533C9F50092A1C4 /* Info.plist */,
			);
			path = TicTacToe;
			sourceTree = "<group>";
		};
		EEBD91B62533C9F50092A1C4 /* TicTacToeTests */ = {
			isa = PBXGroup;
			children = (
				EEBD91B72533C9F50092A1C4 /* TicTacToeTests.swift */,
				EEBD91B92533C9F50092A1C4 /* Info.plist */,
			);
			path = TicTacToeTests;
			sourceTree = "<group>";
		};
		EEBD91C12533C9F50092A1C4 /* TicTacToeUITests */ = {
			isa = PBXGroup;
			children = (
				EEBD91C22533C9F50092A1C4 /* TicTacToeUITests.swift */,
				EEBD91C42533C9F50092A1C4 /* Info.plist */,
			);
			path = TicTacToeUITests;
			sourceTree = "<group>";
		};
/* End PBXGroup section */

/* Begin PBXNativeTarget section */
		EEBD919C2533C9F30092A1C4 /* TicTacToe */ = {
			isa = PBXNativeTarget;
			buildConfigurationList = EEBD91C72533C9F50092A1C4 /* Build configuration list for PBXNativeTarget "TicTacToe" */;
			buildPhases = (
				EEBD91992533C9F30092A1C4 /* Sources */,
				EEBD919A2533C9F30092A1C4 /* Frameworks */,
				EEBD919B2533C9F30092A1C4 /* Resources */,
			);
			buildRules = (
			);
			dependencies = (
			);
			name = TicTacToe;
			productName = TicTacToe;
			productReference = EEBD919D2533C9F30092A1C4 /* TicTacToe.app */;
			productType = "com.apple.product-type.application";
		};
		EEBD91B22533C9F50092A1C4 /* TicTacToeTests */ = {
			isa = PBXNativeTarget;
			buildConfigurationList = EEBD91CA2533C9F50092A1C4 /* Build configuration list for PBXNativeTarget "TicTacToeTests" */;
			buildPhases = (
				EEBD91AF2533C9F50092A1C4 /* Sources */,
				EEBD91B02533C9F50092A1C4 /* Frameworks */,
				EEBD91B12533C9F50092A1C4 /* Resources */,
			);
			buildRules = (
			);
			dependencies = (
				EEBD91B52533C9F50092A1C4 /* PBXTargetDependency */,
			);
			name = TicTacToeTests;
			productName = TicTacToeTests;
			productReference = EEBD91B32533C9F50092A1C4 /* TicTacToeTests.xctest */;
			productType = "com.apple.product-type.bundle.unit-test";
		};
		EEBD91BD2533C9F50092A1C4 /* TicTacToeUITests */ = {
			isa = PBXNativeTarget;
			buildConfigurationList = EEBD91CD2533C9F50092A1C4 /* Build configuration list for PBXNativeTarget "TicTacToeUITests" */;
			buildPhases = (
				EEBD91BA2533C9F50092A1C4 /* Sources */,
				EEBD91BB2533C9F50092A1C4 /* Frameworks */,
				EEBD91BC2533C9F50092A1C4 /* Resources */,
			);
			buildRules = (
			);
			dependencies = (
				EEBD91C02533C9F50092A1C4 /* PBXTargetDependency */,
			);
			name = TicTacToeUITests;
			productName = TicTacToeUITests;
			productReference = EEBD91BE2533C9F50092A1C4 /* TicTacToeUITests.xctest */;
			productType = "com.apple.product-type.bundle.ui-testing";
		};
/* End PBXNativeTarget section */

/* Begin PBXProject section */
		EEBD91952533C9F30092A1C4 /* Project object */ = {
			isa = PBXProject;
			attributes = {
				LastSwiftUpdateCheck = 1160;
				LastUpgradeCheck = 1160;
				ORGANIZATIONNAME = "Dathan Wong";
				TargetAttributes = {
					EEBD919C2533C9F30092A1C4 = {
						CreatedOnToolsVersion = 11.6;
					};
					EEBD91B22533C9F50092A1C4 = {
						CreatedOnToolsVersion = 11.6;
						TestTargetID = EEBD919C2533C9F30092A1C4;
					};
					EEBD91BD2533C9F50092A1C4 = {
						CreatedOnToolsVersion = 11.6;
						TestTargetID = EEBD919C2533C9F30092A1C4;
					};
				};
			};
			buildConfigurationList = EEBD91982533C9F30092A1C4 /* Build configuration list for PBXProject "TicTacToe" */;
			compatibilityVersion = "Xcode 9.3";
			developmentRegion = en;
			hasScannedForEncodings = 0;
			knownRegions = (
				en,
				Base,
			);
			mainGroup = EEBD91942533C9F30092A1C4;
			productRefGroup = EEBD919E2533C9F30092A1C4 /* Products */;
			projectDirPath = "";
			projectRoot = "";
			targets = (
				EEBD919C2533C9F30092A1C4 /* TicTacToe */,
				EEBD91B22533C9F50092A1C4 /* TicTacToeTests */,
				EEBD91BD2533C9F50092A1C4 /* TicTacToeUITests */,
			);
		};
/* End PBXProject section */

/* Begin PBXResourcesBuildPhase section */
		EEBD919B2533C9F30092A1C4 /* Resources */ = {
			isa = PBXResourcesBuildPhase;
			buildActionMask = 2147483647;
			files = (
				EEBD91AD2533C9F50092A1C4 /* LaunchScreen.storyboard in Resources */,
				EEBD91AA2533C9F50092A1C4 /* Assets.xcassets in Resources */,
				EEBD91A82533C9F30092A1C4 /* Main.storyboard in Resources */,
			);
			runOnlyForDeploymentPostprocessing = 0;
		};
		EEBD91B12533C9F50092A1C4 /* Resources */ = {
			isa = PBXResourcesBuildPhase;
			buildActionMask = 2147483647;
			files = (
			);
			runOnlyForDeploymentPostprocessing = 0;
		};
		EEBD91BC2533C9F50092A1C4 /* Resources */ = {
			isa = PBXResourcesBuildPhase;
			buildActionMask = 2147483647;
			files = (
			);
			runOnlyForDeploymentPostprocessing = 0;
		};
/* End PBXResourcesBuildPhase section */

/* Begin PBXSourcesBuildPhase section */
		EEBD91992533C9F30092A1C4 /* Sources */ = {
			isa = PBXSourcesBuildPhase;
			buildActionMask = 2147483647;
			files = (
				EEBD91A52533C9F30092A1C4 /* ViewController.swift in Sources */,
				EEBD91A12533C9F30092A1C4 /* AppDelegate.swift in Sources */,
				EEBD91A32533C9F30092A1C4 /* SceneDelegate.swift in Sources */,
			);
			runOnlyForDeploymentPostprocessing = 0;
		};
		EEBD91AF2533C9F50092A1C4 /* Sources */ = {
			isa = PBXSourcesBuildPhase;
			buildActionMask = 2147483647;
			files = (
				EEBD91B82533C9F50092A1C4 /* TicTacToeTests.swift in Sources */,
			);
			runOnlyForDeploymentPostprocessing = 0;
		};
		EEBD91BA2533C9F50092A1C4 /* Sources */ = {
			isa = PBXSourcesBuildPhase;
			buildActionMask = 2147483647;
			files = (
				EEBD91C32533C9F50092A1C4 /* TicTacToeUITests.swift in Sources */,
			);
			runOnlyForDeploymentPostprocessing = 0;
		};
/* End PBXSourcesBuildPhase section */

/* Begin PBXTargetDependency section */
		EEBD91B52533C9F50092A1C4 /* PBXTargetDependency */ = {
			isa = PBXTargetDependency;
			target = EEBD919C2533C9F30092A1C4 /* TicTacToe */;
			targetProxy = EEBD91B42533C9F50092A1C4 /* PBXContainerItemProxy */;
		};
		EEBD91C02533C9F50092A1C4 /* PBXTargetDependency */ = {
			isa = PBXTargetDependency;
			target = EEBD919C2533C9F30092A1C4 /* TicTacToe */;
			targetProxy = EEBD91BF2533C9F50092A1C4 /* PBXContainerItemProxy */;
		};
/* End PBXTargetDependency section */

/* Begin PBXVariantGroup section */
		EEBD91A62533C9F30092A1C4 /* Main.storyboard */ = {
			isa = PBXVariantGroup;
			children = (
				EEBD91A72533C9F30092A1C4 /* Base */,
			);
			name = Main.storyboard;
			sourceTree = "<group>";
		};
		EEBD91AB2533C9F50092A1C4 /* LaunchScreen.storyboard */ = {
			isa = PBXVariantGroup;
			children = (
				EEBD91AC2533C9F50092A1C4 /* Base */,
			);
			name = LaunchScreen.storyboard;
			sourceTree = "<group>";
		};
/* End PBXVariantGroup section */

/* Begin XCBuildConfiguration section */
		EEBD91C52533C9F50092A1C4 /* Debug */ = {
			isa = XCBuildConfiguration;
			buildSettings = {
				ALWAYS_SEARCH_USER_PATHS = NO;
				CLANG_ANALYZER_NONNULL = YES;
				CLANG_ANALYZER_NUMBER_OBJECT_CONVERSION = YES_AGGRESSIVE;
				CLANG_CXX_LANGUAGE_STANDARD = "gnu++14";
				CLANG_CXX_LIBRARY = "libc++";
				CLANG_ENABLE_MODULES = YES;
				CLANG_ENABLE_OBJC_ARC = YES;
				CLANG_ENABLE_OBJC_WEAK = YES;
				CLANG_WARN_BLOCK_CAPTURE_AUTORELEASING = YES;
				CLANG_WARN_BOOL_CONVERSION = YES;
				CLANG_WARN_COMMA = YES;
				CLANG_WARN_CONSTANT_CONVERSION = YES;
				CLANG_WARN_DEPRECATED_OBJC_IMPLEMENTATIONS = YES;
				CLANG_WARN_DIRECT_OBJC_ISA_USAGE = YES_ERROR;
				CLANG_WARN_DOCUMENTATION_COMMENTS = YES;
				CLANG_WARN_EMPTY_BODY = YES;
				CLANG_WARN_ENUM_CONVERSION = YES;
				CLANG_WARN_INFINITE_RECURSION = YES;
				CLANG_WARN_INT_CONVERSION = YES;
				CLANG_WARN_NON_LITERAL_NULL_CONVERSION = YES;
				CLANG_WARN_OBJC_IMPLICIT_RETAIN_SELF = YES;
				CLANG_WARN_OBJC_LITERAL_CONVERSION = YES;
				CLANG_WARN_OBJC_ROOT_CLASS = YES_ERROR;
				CLANG_WARN_RANGE_LOOP_ANALYSIS = YES;
				CLANG_WARN_STRICT_PROTOTYPES = YES;
				CLANG_WARN_SUSPICIOUS_MOVE = YES;
				CLANG_WARN_UNGUARDED_AVAILABILITY = YES_AGGRESSIVE;
				CLANG_WARN_UNREACHABLE_CODE = YES;
				CLANG_WARN__DUPLICATE_METHOD_MATCH = YES;
				COPY_PHASE_STRIP = NO;
				DEBUG_INFORMATION_FORMAT = dwarf;
				ENABLE_STRICT_OBJC_MSGSEND = YES;
				ENABLE_TESTABILITY = YES;
				GCC_C_LANGUAGE_STANDARD = gnu11;
				GCC_DYNAMIC_NO_PIC = NO;
				GCC_NO_COMMON_BLOCKS = YES;
				GCC_OPTIMIZATION_LEVEL = 0;
				GCC_PREPROCESSOR_DEFINITIONS = (
					"DEBUG=1",
					"$(inherited)",
				);
				GCC_WARN_64_TO_32_BIT_CONVERSION = YES;
				GCC_WARN_ABOUT_RETURN_TYPE = YES_ERROR;
				GCC_WARN_UNDECLARED_SELECTOR = YES;
				GCC_WARN_UNINITIALIZED_AUTOS = YES_AGGRESSIVE;
				GCC_WARN_UNUSED_FUNCTION = YES;
				GCC_WARN_UNUSED_VARIABLE = YES;
				IPHONEOS_DEPLOYMENT_TARGET = 13.6;
				MTL_ENABLE_DEBUG_INFO = INCLUDE_SOURCE;
				MTL_FAST_MATH = YES;
				ONLY_ACTIVE_ARCH = YES;
				SDKROOT = iphoneos;
				SWIFT_ACTIVE_COMPILATION_CONDITIONS = DEBUG;
				SWIFT_OPTIMIZATION_LEVEL = "-Onone";
			};
			name = Debug;
		};
		EEBD91C62533C9F50092A1C4 /* Release */ = {
			isa = XCBuildConfiguration;
			buildSettings = {
				ALWAYS_SEARCH_USER_PATHS = NO;
				CLANG_ANALYZER_NONNULL = YES;
				CLANG_ANALYZER_NUMBER_OBJECT_CONVERSION = YES_AGGRESSIVE;
				CLANG_CXX_LANGUAGE_STANDARD = "gnu++14";
				CLANG_CXX_LIBRARY = "libc++";
				CLANG_ENABLE_MODULES = YES;
				CLANG_ENABLE_OBJC_ARC = YES;
				CLANG_ENABLE_OBJC_WEAK = YES;
				CLANG_WARN_BLOCK_CAPTURE_AUTORELEASING = YES;
				CLANG_WARN_BOOL_CONVERSION = YES;
				CLANG_WARN_COMMA = YES;
				CLANG_WARN_CONSTANT_CONVERSION = YES;
				CLANG_WARN_DEPRECATED_OBJC_IMPLEMENTATIONS = YES;
				CLANG_WARN_DIRECT_OBJC_ISA_USAGE = YES_ERROR;
				CLANG_WARN_DOCUMENTATION_COMMENTS = YES;
				CLANG_WARN_EMPTY_BODY = YES;
				CLANG_WARN_ENUM_CONVERSION = YES;
				CLANG_WARN_INFINITE_RECURSION = YES;
				CLANG_WARN_INT_CONVERSION = YES;
				CLANG_WARN_NON_LITERAL_NULL_CONVERSION = YES;
				CLANG_WARN_OBJC_IMPLICIT_RETAIN_SELF = YES;
				CLANG_WARN_OBJC_LITERAL_CONVERSION = YES;
				CLANG_WARN_OBJC_ROOT_CLASS = YES_ERROR;
				CLANG_WARN_RANGE_LOOP_ANALYSIS = YES;
				CLANG_WARN_STRICT_PROTOTYPES = YES;
				CLANG_WARN_SUSPICIOUS_MOVE = YES;
				CLANG_WARN_UNGUARDED_AVAILABILITY = YES_AGGRESSIVE;
				CLANG_WARN_UNREACHABLE_CODE = YES;
				CLANG_WARN__DUPLICATE_METHOD_MATCH = YES;
				COPY_PHASE_STRIP = NO;
				DEBUG_INFORMATION_FORMAT = "dwarf-with-dsym";
				ENABLE_NS_ASSERTIONS = NO;
				ENABLE_STRICT_OBJC_MSGSEND = YES;
				GCC_C_LANGUAGE_STANDARD = gnu11;
				GCC_NO_COMMON_BLOCKS = YES;
				GCC_WARN_64_TO_32_BIT_CONVERSION = YES;
				GCC_WARN_ABOUT_RETURN_TYPE = YES_ERROR;
				GCC_WARN_UNDECLARED_SELECTOR = YES;
				GCC_WARN_UNINITIALIZED_AUTOS = YES_AGGRESSIVE;
				GCC_WARN_UNUSED_FUNCTION = YES;
				GCC_WARN_UNUSED_VARIABLE = YES;
				IPHONEOS_DEPLOYMENT_TARGET = 13.6;
				MTL_ENABLE_DEBUG_INFO = NO;
				MTL_FAST_MATH = YES;
				SDKROOT = iphoneos;
				SWIFT_COMPILATION_MODE = wholemodule;
				SWIFT_OPTIMIZATION_LEVEL = "-O";
				VALIDATE_PRODUCT = YES;
			};
			name = Release;
		};
		EEBD91C82533C9F50092A1C4 /* Debug */ = {
			isa = XCBuildConfiguration;
			buildSettings = {
				ASSETCATALOG_COMPILER_APPICON_NAME = AppIcon;
				CODE_SIGN_STYLE = Automatic;
				DEVELOPMENT_TEAM = G25YKW6NR4;
				INFOPLIST_FILE = TicTacToe/Info.plist;
				LD_RUNPATH_SEARCH_PATHS = (
					"$(inherited)",
					"@executable_path/Frameworks",
				);
				PRODUCT_BUNDLE_IDENTIFIER = com.dathanwong.TicTacToe;
				PRODUCT_NAME = "$(TARGET_NAME)";
				SWIFT_VERSION = 5.0;
				TARGETED_DEVICE_FAMILY = "1,2";
			};
			name = Debug;
		};
		EEBD91C92533C9F50092A1C4 /* Release */ = {
			isa = XCBuildConfiguration;
			buildSettings = {
				ASSETCATALOG_COMPILER_APPICON_NAME = AppIcon;
				CODE_SIGN_STYLE = Automatic;
				DEVELOPMENT_TEAM = G25YKW6NR4;
				INFOPLIST_FILE = TicTacToe/Info.plist;
				LD_RUNPATH_SEARCH_PATHS = (
					"$(inherited)",
					"@executable_path/Frameworks",
				);
				PRODUCT_BUNDLE_IDENTIFIER = com.dathanwong.TicTacToe;
				PRODUCT_NAME = "$(TARGET_NAME)";
				SWIFT_VERSION = 5.0;
				TARGETED_DEVICE_FAMILY = "1,2";
			};
			name = Release;
		};
		EEBD91CB2533C9F50092A1C4 /* Debug */ = {
			isa = XCBuildConfiguration;
			buildSettings = {
				ALWAYS_EMBED_SWIFT_STANDARD_LIBRARIES = YES;
				BUNDLE_LOADER = "$(TEST_HOST)";
				CODE_SIGN_STYLE = Automatic;
				DEVELOPMENT_TEAM = G25YKW6NR4;
				INFOPLIST_FILE = TicTacToeTests/Info.plist;
				IPHONEOS_DEPLOYMENT_TARGET = 13.6;
				LD_RUNPATH_SEARCH_PATHS = (
					"$(inherited)",
					"@executable_path/Frameworks",
					"@loader_path/Frameworks",
				);
				PRODUCT_BUNDLE_IDENTIFIER = com.dathanwong.TicTacToeTests;
				PRODUCT_NAME = "$(TARGET_NAME)";
				SWIFT_VERSION = 5.0;
				TARGETED_DEVICE_FAMILY = "1,2";
				TEST_HOST = "$(BUILT_PRODUCTS_DIR)/TicTacToe.app/TicTacToe";
			};
			name = Debug;
		};
		EEBD91CC2533C9F50092A1C4 /* Release */ = {
			isa = XCBuildConfiguration;
			buildSettings = {
				ALWAYS_EMBED_SWIFT_STANDARD_LIBRARIES = YES;
				BUNDLE_LOADER = "$(TEST_HOST)";
				CODE_SIGN_STYLE = Automatic;
				DEVELOPMENT_TEAM = G25YKW6NR4;
				INFOPLIST_FILE = TicTacToeTests/Info.plist;
				IPHONEOS_DEPLOYMENT_TARGET = 13.6;
				LD_RUNPATH_SEARCH_PATHS = (
					"$(inherited)",
					"@executable_path/Frameworks",
					"@loader_path/Frameworks",
				);
				PRODUCT_BUNDLE_IDENTIFIER = com.dathanwong.TicTacToeTests;
				PRODUCT_NAME = "$(TARGET_NAME)";
				SWIFT_VERSION = 5.0;
				TARGETED_DEVICE_FAMILY = "1,2";
				TEST_HOST = "$(BUILT_PRODUCTS_DIR)/TicTacToe.app/TicTacToe";
			};
			name = Release;
		};
		EEBD91CE2533C9F50092A1C4 /* Debug */ = {
			isa = XCBuildConfiguration;
			buildSettings = {
				ALWAYS_EMBED_SWIFT_STANDARD_LIBRARIES = YES;
				CODE_SIGN_STYLE = Automatic;
				DEVELOPMENT_TEAM = G25YKW6NR4;
				INFOPLIST_FILE = TicTacToeUITests/Info.plist;
				LD_RUNPATH_SEARCH_PATHS = (
					"$(inherited)",
					"@executable_path/Frameworks",
					"@loader_path/Frameworks",
				);
				PRODUCT_BUNDLE_IDENTIFIER = com.dathanwong.TicTacToeUITests;
				PRODUCT_NAME = "$(TARGET_NAME)";
				SWIFT_VERSION = 5.0;
				TARGETED_DEVICE_FAMILY = "1,2";
				TEST_TARGET_NAME = TicTacToe;
			};
			name = Debug;
		};
		EEBD91CF2533C9F50092A1C4 /* Release */ = {
			isa = XCBuildConfiguration;
			buildSettings = {
				ALWAYS_EMBED_SWIFT_STANDARD_LIBRARIES = YES;
				CODE_SIGN_STYLE = Automatic;
				DEVELOPMENT_TEAM = G25YKW6NR4;
				INFOPLIST_FILE = TicTacToeUITests/Info.plist;
				LD_RUNPATH_SEARCH_PATHS = (
					"$(inherited)",
					"@executable_path/Frameworks",
					"@loader_path/Frameworks",
				);
				PRODUCT_BUNDLE_IDENTIFIER = com.dathanwong.TicTacToeUITests;
				PRODUCT_NAME = "$(TARGET_NAME)";
				SWIFT_VERSION = 5.0;
				TARGETED_DEVICE_FAMILY = "1,2";
				TEST_TARGET_NAME = TicTacToe;
			};
			name = Release;
		};
/* End XCBuildConfiguration section */

/* Begin XCConfigurationList section */
		EEBD91982533C9F30092A1C4 /* Build configuration list for PBXProject "TicTacToe" */ = {
			isa = XCConfigurationList;
			buildConfigurations = (
				EEBD91C52533C9F50092A1C4 /* Debug */,
				EEBD91C62533C9F50092A1C4 /* Release */,
			);
			defaultConfigurationIsVisible = 0;
			defaultConfigurationName = Release;
		};
		EEBD91C72533C9F50092A1C4 /* Build configuration list for PBXNativeTarget "TicTacToe" */ = {
			isa = XCConfigurationList;
			buildConfigurations = (
				EEBD91C82533C9F50092A1C4 /* Debug */,
				EEBD91C92533C9F50092A1C4 /* Release */,
			);
			defaultConfigurationIsVisible = 0;
			defaultConfigurationName = Release;
		};
		EEBD91CA2533C9F50092A1C4 /* Build configuration list for PBXNativeTarget "TicTacToeTests" */ = {
			isa = XCConfigurationList;
			buildConfigurations = (
				EEBD91CB2533C9F50092A1C4 /* Debug */,
				EEBD91CC2533C9F50092A1C4 /* Release */,
			);
			defaultConfigurationIsVisible = 0;
			defaultConfigurationName = Release;
		};
		EEBD91CD2533C9F50092A1C4 /* Build configuration list for PBXNativeTarget "TicTacToeUITests" */ = {
			isa = XCConfigurationList;
			buildConfigurations = (
				EEBD91CE2533C9F50092A1C4 /* Debug */,
				EEBD91CF2533C9F50092A1C4 /* Release */,
			);
			defaultConfigurationIsVisible = 0;
			defaultConfigurationName = Release;
		};
/* End XCConfigurationList section */
	};
	rootObject = EEBD91952533C9F30092A1C4 /* Project object */;
}
